
Microsoft Visual Studio Solution File, Format Version 12.00
# Visual Studio Version 17
VisualStudioVersion = 17.2.32526.322
MinimumVisualStudioVersion = 10.0.40219.1
Project("{FAE04EC0-301F-11D3-BF4B-00C04F79EFBC}") = "LoopChallenge", "LoopChallenge\LoopChallenge.csproj", "{DB851BB9-EF92-459F-9CAF-21F5B25D5225}"
EndProject
Global
	GlobalSection(SolutionConfigurationPlatforms) = preSolution
		Debug|Any CPU = Debug|Any CPU
		Release|Any CPU = Release|Any CPU
	EndGlobalSection
	GlobalSection(ProjectConfigurationPlatforms) = postSolution
		{DB851BB9-EF92-459F-9CAF-21F5B25D5225}.Debug|Any CPU.ActiveCfg = Debug|Any CPU
		{DB851BB9-EF92-459F-9CAF-21F5B25D5225}.Debug|Any CPU.Build.0 = Debug|Any CPU
		{DB851BB9-EF92-459F-9CAF-21F5B25D5225}.Release|Any CPU.ActiveCfg = Release|Any CPU
		{DB851BB9-EF92-459F-9CAF-21F5B25D5225}.Release|Any CPU.Build.0 = Release|Any CPU
	EndGlobalSection
	GlobalSection(SolutionProperties) = preSolution
		HideSolutionNode = FALSE
	EndGlobalSection
	GlobalSection(ExtensibilityGlobals) = postSolution
		SolutionGuid = {EC955A3C-8C32-4D6E-96A4-37D8AC8F581E}
	EndGlobalSection
EndGlobal
