
Microsoft Visual Studio Solution File, Format Version 12.00
# Visual Studio Version 17
VisualStudioVersion = 17.2.32526.322
MinimumVisualStudioVersion = 10.0.40219.1
Project("{F184B08F-C81C-45F6-A57F-5ABD9991F28F}") = "Data Binding", "Data Binding\Data Binding.vbproj", "{B5A20A18-3CF6-49BF-94C4-8A60E59C761A}"
EndProject
Global
	GlobalSection(SolutionConfigurationPlatforms) = preSolution
		Debug|Any CPU = Debug|Any CPU
		Release|Any CPU = Release|Any CPU
	EndGlobalSection
	GlobalSection(ProjectConfigurationPlatforms) = postSolution
		{B5A20A18-3CF6-49BF-94C4-8A60E59C761A}.Debug|Any CPU.ActiveCfg = Debug|Any CPU
		{B5A20A18-3CF6-49BF-94C4-8A60E59C761A}.Debug|Any CPU.Build.0 = Debug|Any CPU
		{B5A20A18-3CF6-49BF-94C4-8A60E59C761A}.Release|Any CPU.ActiveCfg = Release|Any CPU
		{B5A20A18-3CF6-49BF-94C4-8A60E59C761A}.Release|Any CPU.Build.0 = Release|Any CPU
	EndGlobalSection
	GlobalSection(SolutionProperties) = preSolution
		HideSolutionNode = FALSE
	EndGlobalSection
	GlobalSection(ExtensibilityGlobals) = postSolution
		SolutionGuid = {6A6423C9-6466-4085-BD7F-E3613DAB11EC}
	EndGlobalSection
EndGlobal
