
Microsoft Visual Studio Solution File, Format Version 12.00
# Visual Studio Version 17
VisualStudioVersion = 17.2.32526.322
MinimumVisualStudioVersion = 10.0.40219.1
Project("{FAE04EC0-301F-11D3-BF4B-00C04F79EFBC}") = "ReadingWritingBasic", "ReadingWritingBasic\ReadingWritingBasic.csproj", "{4ADDFF43-47D4-460C-8D1D-9856B967279D}"
EndProject
Global
	GlobalSection(SolutionConfigurationPlatforms) = preSolution
		Debug|Any CPU = Debug|Any CPU
		Release|Any CPU = Release|Any CPU
	EndGlobalSection
	GlobalSection(ProjectConfigurationPlatforms) = postSolution
		{4ADDFF43-47D4-460C-8D1D-9856B967279D}.Debug|Any CPU.ActiveCfg = Debug|Any CPU
		{4ADDFF43-47D4-460C-8D1D-9856B967279D}.Debug|Any CPU.Build.0 = Debug|Any CPU
		{4ADDFF43-47D4-460C-8D1D-9856B967279D}.Release|Any CPU.ActiveCfg = Release|Any CPU
		{4ADDFF43-47D4-460C-8D1D-9856B967279D}.Release|Any CPU.Build.0 = Release|Any CPU
	EndGlobalSection
	GlobalSection(SolutionProperties) = preSolution
		HideSolutionNode = FALSE
	EndGlobalSection
	GlobalSection(ExtensibilityGlobals) = postSolution
		SolutionGuid = {2849D5ED-958D-448A-9DCC-497109688302}
	EndGlobalSection
EndGlobal
