
Microsoft Visual Studio Solution File, Format Version 12.00
# Visual Studio Version 17
VisualStudioVersion = 17.2.32526.322
MinimumVisualStudioVersion = 10.0.40219.1
Project("{FAE04EC0-301F-11D3-BF4B-00C04F79EFBC}") = "EventMulticastDelegate", "EventMulticastDelegate\EventMulticastDelegate.csproj", "{C93323E8-52E2-4420-9166-C068428BC059}"
EndProject
Global
	GlobalSection(SolutionConfigurationPlatforms) = preSolution
		Debug|Any CPU = Debug|Any CPU
		Release|Any CPU = Release|Any CPU
	EndGlobalSection
	GlobalSection(ProjectConfigurationPlatforms) = postSolution
		{C93323E8-52E2-4420-9166-C068428BC059}.Debug|Any CPU.ActiveCfg = Debug|Any CPU
		{C93323E8-52E2-4420-9166-C068428BC059}.Debug|Any CPU.Build.0 = Debug|Any CPU
		{C93323E8-52E2-4420-9166-C068428BC059}.Release|Any CPU.ActiveCfg = Release|Any CPU
		{C93323E8-52E2-4420-9166-C068428BC059}.Release|Any CPU.Build.0 = Release|Any CPU
	EndGlobalSection
	GlobalSection(SolutionProperties) = preSolution
		HideSolutionNode = FALSE
	EndGlobalSection
	GlobalSection(ExtensibilityGlobals) = postSolution
		SolutionGuid = {66FFE55D-3E4C-4ED6-BDA6-8A29A58FDE9F}
	EndGlobalSection
EndGlobal
