
Microsoft Visual Studio Solution File, Format Version 12.00
# Visual Studio Version 17
VisualStudioVersion = 17.2.32526.322
MinimumVisualStudioVersion = 10.0.40219.1
Project("{FAE04EC0-301F-11D3-BF4B-00C04F79EFBC}") = "ConsoleApp1", "ConsoleApp1\ConsoleApp1.csproj", "{D5FCAF2A-0569-4A04-94B1-3B454DAC1925}"
EndProject
Global
	GlobalSection(SolutionConfigurationPlatforms) = preSolution
		Debug|Any CPU = Debug|Any CPU
		Release|Any CPU = Release|Any CPU
	EndGlobalSection
	GlobalSection(ProjectConfigurationPlatforms) = postSolution
		{D5FCAF2A-0569-4A04-94B1-3B454DAC1925}.Debug|Any CPU.ActiveCfg = Debug|Any CPU
		{D5FCAF2A-0569-4A04-94B1-3B454DAC1925}.Debug|Any CPU.Build.0 = Debug|Any CPU
		{D5FCAF2A-0569-4A04-94B1-3B454DAC1925}.Release|Any CPU.ActiveCfg = Release|Any CPU
		{D5FCAF2A-0569-4A04-94B1-3B454DAC1925}.Release|Any CPU.Build.0 = Release|Any CPU
	EndGlobalSection
	GlobalSection(SolutionProperties) = preSolution
		HideSolutionNode = FALSE
	EndGlobalSection
	GlobalSection(ExtensibilityGlobals) = postSolution
		SolutionGuid = {E5C88447-8EB2-4A09-927F-1AACBEB7C33D}
	EndGlobalSection
EndGlobal
