
Microsoft Visual Studio Solution File, Format Version 12.00
# Visual Studio Version 17
VisualStudioVersion = 17.2.32526.322
MinimumVisualStudioVersion = 10.0.40219.1
Project("{F184B08F-C81C-45F6-A57F-5ABD9991F28F}") = "WpfAppBasic", "WpfAppBasic\WpfAppBasic.vbproj", "{A0315095-2BE3-4961-A7E1-7C507F2EA036}"
EndProject
Global
	GlobalSection(SolutionConfigurationPlatforms) = preSolution
		Debug|Any CPU = Debug|Any CPU
		Release|Any CPU = Release|Any CPU
	EndGlobalSection
	GlobalSection(ProjectConfigurationPlatforms) = postSolution
		{A0315095-2BE3-4961-A7E1-7C507F2EA036}.Debug|Any CPU.ActiveCfg = Debug|Any CPU
		{A0315095-2BE3-4961-A7E1-7C507F2EA036}.Debug|Any CPU.Build.0 = Debug|Any CPU
		{A0315095-2BE3-4961-A7E1-7C507F2EA036}.Release|Any CPU.ActiveCfg = Release|Any CPU
		{A0315095-2BE3-4961-A7E1-7C507F2EA036}.Release|Any CPU.Build.0 = Release|Any CPU
	EndGlobalSection
	GlobalSection(SolutionProperties) = preSolution
		HideSolutionNode = FALSE
	EndGlobalSection
	GlobalSection(ExtensibilityGlobals) = postSolution
		SolutionGuid = {F9C9EE28-6F08-4D28-97B5-72ED2AB9DCF4}
	EndGlobalSection
EndGlobal
